
Microsoft Visual Studio Solution File, Format Version 12.00
# Visual Studio 14
VisualStudioVersion = 14.0.25420.1
MinimumVisualStudioVersion = 10.0.40219.1
Project("{FAE04EC0-301F-11D3-BF4B-00C04F79EFBC}") = "ImageProcessor", "ImageProcessor\ImageProcessor.csproj", "{2146D5A7-731F-4B56-9C0F-C56A9C77BA90}"
EndProject
Project("{FAE04EC0-301F-11D3-BF4B-00C04F79EFBC}") = "Manipulators", "Manipulators\Manipulators.csproj", "{8676F18A-3C6C-4E12-92F0-500509E1BF0C}"
EndProject
Project("{FAE04EC0-301F-11D3-BF4B-00C04F79EFBC}") = "ManipulatorInterfaces", "ManipulatorInterfaces\ManipulatorInterfaces.csproj", "{71151081-1718-4295-8B11-7FAD018A61F9}"
EndProject
Global
	GlobalSection(SolutionConfigurationPlatforms) = preSolution
		Debug|Any CPU = Debug|Any CPU
		Release|Any CPU = Release|Any CPU
	EndGlobalSection
	GlobalSection(ProjectConfigurationPlatforms) = postSolution
		{2146D5A7-731F-4B56-9C0F-C56A9C77BA90}.Debug|Any CPU.ActiveCfg = Debug|Any CPU
		{2146D5A7-731F-4B56-9C0F-C56A9C77BA90}.Debug|Any CPU.Build.0 = Debug|Any CPU
		{2146D5A7-731F-4B56-9C0F-C56A9C77BA90}.Release|Any CPU.ActiveCfg = Release|Any CPU
		{2146D5A7-731F-4B56-9C0F-C56A9C77BA90}.Release|Any CPU.Build.0 = Release|Any CPU
		{8676F18A-3C6C-4E12-92F0-500509E1BF0C}.Debug|Any CPU.ActiveCfg = Debug|Any CPU
		{8676F18A-3C6C-4E12-92F0-500509E1BF0C}.Debug|Any CPU.Build.0 = Debug|Any CPU
		{8676F18A-3C6C-4E12-92F0-500509E1BF0C}.Release|Any CPU.ActiveCfg = Release|Any CPU
		{8676F18A-3C6C-4E12-92F0-500509E1BF0C}.Release|Any CPU.Build.0 = Release|Any CPU
		{71151081-1718-4295-8B11-7FAD018A61F9}.Debug|Any CPU.ActiveCfg = Debug|Any CPU
		{71151081-1718-4295-8B11-7FAD018A61F9}.Debug|Any CPU.Build.0 = Debug|Any CPU
		{71151081-1718-4295-8B11-7FAD018A61F9}.Release|Any CPU.ActiveCfg = Release|Any CPU
		{71151081-1718-4295-8B11-7FAD018A61F9}.Release|Any CPU.Build.0 = Release|Any CPU
	EndGlobalSection
	GlobalSection(SolutionProperties) = preSolution
		HideSolutionNode = FALSE
	EndGlobalSection
EndGlobal
